
Microsoft Visual Studio Solution File, Format Version 12.00
# Visual Studio Version 17
VisualStudioVersion = 17.7.34009.444
MinimumVisualStudioVersion = 10.0.40219.1
Project("{FAE04EC0-301F-11D3-BF4B-00C04F79EFBC}") = "secondaryapp", "secondaryapp\secondaryapp.csproj", "{6FDD26F9-AE6E-4A94-A42E-ECF30444F48D}"
EndProject
Global
	GlobalSection(SolutionConfigurationPlatforms) = preSolution
		Debug|Any CPU = Debug|Any CPU
		Release|Any CPU = Release|Any CPU
	EndGlobalSection
	GlobalSection(ProjectConfigurationPlatforms) = postSolution
		{6FDD26F9-AE6E-4A94-A42E-ECF30444F48D}.Debug|Any CPU.ActiveCfg = Debug|Any CPU
		{6FDD26F9-AE6E-4A94-A42E-ECF30444F48D}.Debug|Any CPU.Build.0 = Debug|Any CPU
		{6FDD26F9-AE6E-4A94-A42E-ECF30444F48D}.Release|Any CPU.ActiveCfg = Release|Any CPU
		{6FDD26F9-AE6E-4A94-A42E-ECF30444F48D}.Release|Any CPU.Build.0 = Release|Any CPU
	EndGlobalSection
	GlobalSection(SolutionProperties) = preSolution
		HideSolutionNode = FALSE
	EndGlobalSection
	GlobalSection(ExtensibilityGlobals) = postSolution
		SolutionGuid = {4005035F-2E6C-4324-94E8-31A6CD038C59}
	EndGlobalSection
EndGlobal
